
Microsoft Visual Studio Solution File, Format Version 12.00
# Visual Studio Version 16
VisualStudioVersion = 16.0.29709.97
MinimumVisualStudioVersion = 10.0.40219.1
Project("{FAE04EC0-301F-11D3-BF4B-00C04F79EFBC}") = "UI_ProjetoDS_2020", "UI_ProjetoDS_2020\UI_ProjetoDS_2020.csproj", "{40B7BB89-0A08-49F1-9F4E-6EB0686905B6}"
EndProject
Project("{FAE04EC0-301F-11D3-BF4B-00C04F79EFBC}") = "DTO_ProjetoDS_2020", "DTO_ProjetoDS_2020\DTO_ProjetoDS_2020.csproj", "{2DA4D4F4-4D3B-4A7F-B66F-EB6ACE3ECF99}"
EndProject
Project("{FAE04EC0-301F-11D3-BF4B-00C04F79EFBC}") = "BLL_ProjetoDS_2020", "BLL_ProjetoDS_2020\BLL_ProjetoDS_2020.csproj", "{FD058606-0E4C-421D-879D-5DA0FF24D3BF}"
EndProject
Project("{FAE04EC0-301F-11D3-BF4B-00C04F79EFBC}") = "DAL_ProjetoDS_2020", "DAL_ProjetoDS_2020\DAL_ProjetoDS_2020.csproj", "{8675D3FF-227F-4A5F-983B-B4DA5072C194}"
EndProject
Global
	GlobalSection(SolutionConfigurationPlatforms) = preSolution
		Debug|Any CPU = Debug|Any CPU
		Release|Any CPU = Release|Any CPU
	EndGlobalSection
	GlobalSection(ProjectConfigurationPlatforms) = postSolution
		{40B7BB89-0A08-49F1-9F4E-6EB0686905B6}.Debug|Any CPU.ActiveCfg = Debug|Any CPU
		{40B7BB89-0A08-49F1-9F4E-6EB0686905B6}.Debug|Any CPU.Build.0 = Debug|Any CPU
		{40B7BB89-0A08-49F1-9F4E-6EB0686905B6}.Release|Any CPU.ActiveCfg = Release|Any CPU
		{40B7BB89-0A08-49F1-9F4E-6EB0686905B6}.Release|Any CPU.Build.0 = Release|Any CPU
		{2DA4D4F4-4D3B-4A7F-B66F-EB6ACE3ECF99}.Debug|Any CPU.ActiveCfg = Debug|Any CPU
		{2DA4D4F4-4D3B-4A7F-B66F-EB6ACE3ECF99}.Debug|Any CPU.Build.0 = Debug|Any CPU
		{2DA4D4F4-4D3B-4A7F-B66F-EB6ACE3ECF99}.Release|Any CPU.ActiveCfg = Release|Any CPU
		{2DA4D4F4-4D3B-4A7F-B66F-EB6ACE3ECF99}.Release|Any CPU.Build.0 = Release|Any CPU
		{FD058606-0E4C-421D-879D-5DA0FF24D3BF}.Debug|Any CPU.ActiveCfg = Debug|Any CPU
		{FD058606-0E4C-421D-879D-5DA0FF24D3BF}.Debug|Any CPU.Build.0 = Debug|Any CPU
		{FD058606-0E4C-421D-879D-5DA0FF24D3BF}.Release|Any CPU.ActiveCfg = Release|Any CPU
		{FD058606-0E4C-421D-879D-5DA0FF24D3BF}.Release|Any CPU.Build.0 = Release|Any CPU
		{8675D3FF-227F-4A5F-983B-B4DA5072C194}.Debug|Any CPU.ActiveCfg = Debug|Any CPU
		{8675D3FF-227F-4A5F-983B-B4DA5072C194}.Debug|Any CPU.Build.0 = Debug|Any CPU
		{8675D3FF-227F-4A5F-983B-B4DA5072C194}.Release|Any CPU.ActiveCfg = Release|Any CPU
		{8675D3FF-227F-4A5F-983B-B4DA5072C194}.Release|Any CPU.Build.0 = Release|Any CPU
	EndGlobalSection
	GlobalSection(SolutionProperties) = preSolution
		HideSolutionNode = FALSE
	EndGlobalSection
	GlobalSection(ExtensibilityGlobals) = postSolution
		SolutionGuid = {DE03AA43-25F5-41D5-BB65-BF77C206B0DD}
	EndGlobalSection
EndGlobal
